
Microsoft Visual Studio Solution File, Format Version 12.00
# Visual Studio Version 17
VisualStudioVersion = 17.2.32616.157
MinimumVisualStudioVersion = 10.0.40219.1
Project("{FAE04EC0-301F-11D3-BF4B-00C04F79EFBC}") = "Zadacha01", "Zadacha01\Zadacha01.csproj", "{7EBB9182-EC0F-4B69-B2E2-79ED342DF2F0}"
EndProject
Global
	GlobalSection(SolutionConfigurationPlatforms) = preSolution
		Debug|Any CPU = Debug|Any CPU
		Release|Any CPU = Release|Any CPU
	EndGlobalSection
	GlobalSection(ProjectConfigurationPlatforms) = postSolution
		{7EBB9182-EC0F-4B69-B2E2-79ED342DF2F0}.Debug|Any CPU.ActiveCfg = Debug|Any CPU
		{7EBB9182-EC0F-4B69-B2E2-79ED342DF2F0}.Debug|Any CPU.Build.0 = Debug|Any CPU
		{7EBB9182-EC0F-4B69-B2E2-79ED342DF2F0}.Release|Any CPU.ActiveCfg = Release|Any CPU
		{7EBB9182-EC0F-4B69-B2E2-79ED342DF2F0}.Release|Any CPU.Build.0 = Release|Any CPU
	EndGlobalSection
	GlobalSection(SolutionProperties) = preSolution
		HideSolutionNode = FALSE
	EndGlobalSection
	GlobalSection(ExtensibilityGlobals) = postSolution
		SolutionGuid = {F01D6469-BA5E-4E50-ADC3-EC6B252B7D25}
	EndGlobalSection
EndGlobal
